
Microsoft Visual Studio Solution File, Format Version 12.00
# Visual Studio 2012
Project("{FAE04EC0-301F-11D3-BF4B-00C04F79EFBC}") = "KidsPictures", "KidsPictures\KidsPictures.csproj", "{E8878DF1-6541-4815-99B0-15E380D7EC7E}"
EndProject
Project("{FAE04EC0-301F-11D3-BF4B-00C04F79EFBC}") = "KidsPictures.iOS", "iOS\KidsPictures.iOS.csproj", "{8D5BE7D7-2DC3-45AB-9B15-5F28E7F219C0}"
EndProject
Project("{FAE04EC0-301F-11D3-BF4B-00C04F79EFBC}") = "KidsPictures.Droid", "Droid\KidsPictures.Droid.csproj", "{CFBAA217-A8BB-4797-8CF4-13A0F1126501}"
EndProject
Global
	GlobalSection(SolutionConfigurationPlatforms) = preSolution
		Debug|Any CPU = Debug|Any CPU
		Release|Any CPU = Release|Any CPU
		Debug|iPhoneSimulator = Debug|iPhoneSimulator
		Release|iPhone = Release|iPhone
		Release|iPhoneSimulator = Release|iPhoneSimulator
		Debug|iPhone = Debug|iPhone
	EndGlobalSection
	GlobalSection(ProjectConfigurationPlatforms) = postSolution
		{E8878DF1-6541-4815-99B0-15E380D7EC7E}.Debug|Any CPU.ActiveCfg = Debug|Any CPU
		{E8878DF1-6541-4815-99B0-15E380D7EC7E}.Debug|Any CPU.Build.0 = Debug|Any CPU
		{E8878DF1-6541-4815-99B0-15E380D7EC7E}.Release|Any CPU.ActiveCfg = Release|Any CPU
		{E8878DF1-6541-4815-99B0-15E380D7EC7E}.Release|Any CPU.Build.0 = Release|Any CPU
		{E8878DF1-6541-4815-99B0-15E380D7EC7E}.Debug|iPhoneSimulator.ActiveCfg = Debug|Any CPU
		{E8878DF1-6541-4815-99B0-15E380D7EC7E}.Debug|iPhoneSimulator.Build.0 = Debug|Any CPU
		{E8878DF1-6541-4815-99B0-15E380D7EC7E}.Release|iPhone.ActiveCfg = Release|Any CPU
		{E8878DF1-6541-4815-99B0-15E380D7EC7E}.Release|iPhone.Build.0 = Release|Any CPU
		{E8878DF1-6541-4815-99B0-15E380D7EC7E}.Release|iPhoneSimulator.ActiveCfg = Release|Any CPU
		{E8878DF1-6541-4815-99B0-15E380D7EC7E}.Release|iPhoneSimulator.Build.0 = Release|Any CPU
		{E8878DF1-6541-4815-99B0-15E380D7EC7E}.Debug|iPhone.ActiveCfg = Debug|Any CPU
		{E8878DF1-6541-4815-99B0-15E380D7EC7E}.Debug|iPhone.Build.0 = Debug|Any CPU
		{8D5BE7D7-2DC3-45AB-9B15-5F28E7F219C0}.Debug|Any CPU.ActiveCfg = Debug|iPhoneSimulator
		{8D5BE7D7-2DC3-45AB-9B15-5F28E7F219C0}.Debug|Any CPU.Build.0 = Debug|iPhoneSimulator
		{8D5BE7D7-2DC3-45AB-9B15-5F28E7F219C0}.Release|Any CPU.ActiveCfg = Release|iPhone
		{8D5BE7D7-2DC3-45AB-9B15-5F28E7F219C0}.Release|Any CPU.Build.0 = Release|iPhone
		{8D5BE7D7-2DC3-45AB-9B15-5F28E7F219C0}.Debug|iPhoneSimulator.ActiveCfg = Debug|iPhoneSimulator
		{8D5BE7D7-2DC3-45AB-9B15-5F28E7F219C0}.Debug|iPhoneSimulator.Build.0 = Debug|iPhoneSimulator
		{8D5BE7D7-2DC3-45AB-9B15-5F28E7F219C0}.Release|iPhone.ActiveCfg = Release|iPhone
		{8D5BE7D7-2DC3-45AB-9B15-5F28E7F219C0}.Release|iPhone.Build.0 = Release|iPhone
		{8D5BE7D7-2DC3-45AB-9B15-5F28E7F219C0}.Release|iPhoneSimulator.ActiveCfg = Release|iPhoneSimulator
		{8D5BE7D7-2DC3-45AB-9B15-5F28E7F219C0}.Release|iPhoneSimulator.Build.0 = Release|iPhoneSimulator
		{8D5BE7D7-2DC3-45AB-9B15-5F28E7F219C0}.Debug|iPhone.ActiveCfg = Debug|iPhone
		{8D5BE7D7-2DC3-45AB-9B15-5F28E7F219C0}.Debug|iPhone.Build.0 = Debug|iPhone
		{CFBAA217-A8BB-4797-8CF4-13A0F1126501}.Debug|Any CPU.ActiveCfg = Debug|Any CPU
		{CFBAA217-A8BB-4797-8CF4-13A0F1126501}.Debug|Any CPU.Build.0 = Debug|Any CPU
		{CFBAA217-A8BB-4797-8CF4-13A0F1126501}.Release|Any CPU.ActiveCfg = Release|Any CPU
		{CFBAA217-A8BB-4797-8CF4-13A0F1126501}.Release|Any CPU.Build.0 = Release|Any CPU
		{CFBAA217-A8BB-4797-8CF4-13A0F1126501}.Debug|iPhoneSimulator.ActiveCfg = Debug|Any CPU
		{CFBAA217-A8BB-4797-8CF4-13A0F1126501}.Debug|iPhoneSimulator.Build.0 = Debug|Any CPU
		{CFBAA217-A8BB-4797-8CF4-13A0F1126501}.Release|iPhone.ActiveCfg = Release|Any CPU
		{CFBAA217-A8BB-4797-8CF4-13A0F1126501}.Release|iPhone.Build.0 = Release|Any CPU
		{CFBAA217-A8BB-4797-8CF4-13A0F1126501}.Release|iPhoneSimulator.ActiveCfg = Release|Any CPU
		{CFBAA217-A8BB-4797-8CF4-13A0F1126501}.Release|iPhoneSimulator.Build.0 = Release|Any CPU
		{CFBAA217-A8BB-4797-8CF4-13A0F1126501}.Debug|iPhone.ActiveCfg = Debug|Any CPU
		{CFBAA217-A8BB-4797-8CF4-13A0F1126501}.Debug|iPhone.Build.0 = Debug|Any CPU
	EndGlobalSection
EndGlobal
